{
  "version": "5",
  "specifiers": {
    "jsr:@hono/hono@^4.9.9": "4.9.9",
    "jsr:@std/assert@1": "1.0.14",
    "jsr:@std/dotenv@~0.225.5": "0.225.5",
    "jsr:@std/internal@^1.0.10": "1.0.10",
    "npm:@types/node@*": "24.2.0"
  },
  "jsr": {
    "@hono/hono@4.9.9": {
      "integrity": "1d716e97b71e91b852c70beb85c9d3b236393282c59d5e268b07cfd224a77318"
    },
    "@std/assert@1.0.14": {
      "integrity": "68d0d4a43b365abc927f45a9b85c639ea18a9fab96ad92281e493e4ed84abaa4",
      "dependencies": [
        "jsr:@std/internal"
      ]
    },
    "@std/dotenv@0.225.5": {
      "integrity": "9ce6f9d0ec3311f74a32535aa1b8c62ed88b1ab91b7f0815797d77a6f60c922f"
    },
    "@std/internal@1.0.10": {
      "integrity": "e3be62ce42cab0e177c27698e5d9800122f67b766a0bea6ca4867886cbde8cf7"
    }
  },
  "npm": {
    "@types/node@24.2.0": {
      "integrity": "sha512-3xyG3pMCq3oYCNg7/ZP+E1ooTaGB4cG8JWRsqqOYQdbWNY4zbaV0Ennrd7stjiJEFZCaybcIgpTjJWHRfBSIDw==",
      "dependencies": [
        "undici-types"
      ]
    },
    "undici-types@7.10.0": {
      "integrity": "sha512-t5Fy/nfn+14LuOc2KNYg75vZqClpAiqscVvMygNnlsHBFpSXdJaYtXMcdNLpl/Qvc3P2cB3s6lOV51nqsFq4ag=="
    }
  },
  "redirects": {
    "https://deno.land/std": "https://deno.land/std@0.224.0",
    "https://deno.land/std/": "https://deno.land/std"
  },
  "workspace": {
    "dependencies": [
      "jsr:@hono/hono@^4.9.9",
      "jsr:@std/assert@1",
      "jsr:@std/dotenv@~0.225.5"
    ]
  }
}
